// !$*UTF8*$!
{
	archiveVersion = 1;
	classes = {
	};
	objectVersion = 77;
	objects = {

/* Begin PBXContainerItemProxy section */
		6F66201C2E23ABAA00F2BA3F /* PBXContainerItemProxy */ = {
			isa = PBXContainerItemProxy;
			containerPortal = 6F6620012E23ABA900F2BA3F /* Project object */;
			proxyType = 1;
			remoteGlobalIDString = 6F6620082E23ABA900F2BA3F;
			remoteInfo = ChronoTrail;
		};
		6F6620262E23ABAA00F2BA3F /* PBXContainerItemProxy */ = {
			isa = PBXContainerItemProxy;
			containerPortal = 6F6620012E23ABA900F2BA3F /* Project object */;
			proxyType = 1;
			remoteGlobalIDString = 6F6620082E23ABA900F2BA3F;
			remoteInfo = ChronoTrail;
		};
/* End PBXContainerItemProxy section */

/* Begin PBXFileReference section */
		6F6620092E23ABA900F2BA3F /* ChronoTrail.app */ = {isa = PBXFileReference; explicitFileType = wrapper.application; includeInIndex = 0; path = ChronoTrail.app; sourceTree = BUILT_PRODUCTS_DIR; };
		6F66201B2E23ABAA00F2BA3F /* ChronoTrailTests.xctest */ = {isa = PBXFileReference; explicitFileType = wrapper.cfbundle; includeInIndex = 0; path = ChronoTrailTests.xctest; sourceTree = BUILT_PRODUCTS_DIR; };
		6F6620252E23ABAA00F2BA3F /* ChronoTrailUITests.xctest */ = {isa = PBXFileReference; explicitFileType = wrapper.cfbundle; includeInIndex = 0; path = ChronoTrailUITests.xctest; sourceTree = BUILT_PRODUCTS_DIR; };
/* End PBXFileReference section */

/* Begin PBXFileSystemSynchronizedBuildFileExceptionSet section */
		6F6620552E23AD1400F2BA3F /* Exceptions for "ChronoTrail" folder in "ChronoTrail" target */ = {
			isa = PBXFileSystemSynchronizedBuildFileExceptionSet;
			membershipExceptions = (
				Info.plist,
			);
			target = 6F6620082E23ABA900F2BA3F /* ChronoTrail */;
		};
/* End PBXFileSystemSynchronizedBuildFileExceptionSet section */

/* Begin PBXFileSystemSynchronizedRootGroup section */
		6F66200B2E23ABA900F2BA3F /* ChronoTrail */ = {
			isa = PBXFileSystemSynchronizedRootGroup;
			exceptions = (
				6F6620552E23AD1400F2BA3F /* Exceptions for "ChronoTrail" folder in "ChronoTrail" target */,
			);
			path = ChronoTrail;
			sourceTree = "<group>";
		};
		6F66201E2E23ABAA00F2BA3F /* ChronoTrailTests */ = {
			isa = PBXFileSystemSynchronizedRootGroup;
			path = ChronoTrailTests;
			sourceTree = "<group>";
		};
		6F6620282E23ABAA00F2BA3F /* ChronoTrailUITests */ = {
			isa = PBXFileSystemSynchronizedRootGroup;
			path = ChronoTrailUITests;
			sourceTree = "<group>";
		};
/* End PBXFileSystemSynchronizedRootGroup section */

/* Begin PBXFrameworksBuildPhase section */
		6F6620062E23ABA900F2BA3F /* Frameworks */ = {
			isa = PBXFrameworksBuildPhase;
			buildActionMask = 2147483647;
			files = (
			);
			runOnlyForDeploymentPostprocessing = 0;
		};
		6F6620182E23ABAA00F2BA3F /* Frameworks */ = {
			isa = PBXFrameworksBuildPhase;
			buildActionMask = 2147483647;
			files = (
			);
			runOnlyForDeploymentPostprocessing = 0;
		};
		6F6620222E23ABAA00F2BA3F /* Frameworks */ = {
			isa = PBXFrameworksBuildPhase;
			buildActionMask = 2147483647;
			files = (
			);
			runOnlyForDeploymentPostprocessing = 0;
		};
/* End PBXFrameworksBuildPhase section */

/* Begin PBXGroup section */
		6F6620002E23ABA900F2BA3F = {
			isa = PBXGroup;
			children = (
				6F66200B2E23ABA900F2BA3F /* ChronoTrail */,
				6F66201E2E23ABAA00F2BA3F /* ChronoTrailTests */,
				6F6620282E23ABAA00F2BA3F /* ChronoTrailUITests */,
				6F66200A2E23ABA900F2BA3F /* Products */,
			);
			sourceTree = "<group>";
		};
		6F66200A2E23ABA900F2BA3F /* Products */ = {
			isa = PBXGroup;
			children = (
				6F6620092E23ABA900F2BA3F /* ChronoTrail.app */,
				6F66201B2E23ABAA00F2BA3F /* ChronoTrailTests.xctest */,
				6F6620252E23ABAA00F2BA3F /* ChronoTrailUITests.xctest */,
			);
			name = Products;
			sourceTree = "<group>";
		};
/* End PBXGroup section */

/* Begin PBXNativeTarget section */
		6F6620082E23ABA900F2BA3F /* ChronoTrail */ = {
			isa = PBXNativeTarget;
			buildConfigurationList = 6F66202F2E23ABAA00F2BA3F /* Build configuration list for PBXNativeTarget "ChronoTrail" */;
			buildPhases = (
				6F6620052E23ABA900F2BA3F /* Sources */,
				6F6620062E23ABA900F2BA3F /* Frameworks */,
				6F6620072E23ABA900F2BA3F /* Resources */,
			);
			buildRules = (
			);
			dependencies = (
			);
			fileSystemSynchronizedGroups = (
				6F66200B2E23ABA900F2BA3F /* ChronoTrail */,
			);
			name = ChronoTrail;
			packageProductDependencies = (
			);
			productName = ChronoTrail;
			productReference = 6F6620092E23ABA900F2BA3F /* ChronoTrail.app */;
			productType = "com.apple.product-type.application";
		};
		6F66201A2E23ABAA00F2BA3F /* ChronoTrailTests */ = {
			isa = PBXNativeTarget;
			buildConfigurationList = 6F6620322E23ABAA00F2BA3F /* Build configuration list for PBXNativeTarget "ChronoTrailTests" */;
			buildPhases = (
				6F6620172E23ABAA00F2BA3F /* Sources */,
				6F6620182E23ABAA00F2BA3F /* Frameworks */,
				6F6620192E23ABAA00F2BA3F /* Resources */,
			);
			buildRules = (
			);
			dependencies = (
				6F66201D2E23ABAA00F2BA3F /* PBXTargetDependency */,
			);
			fileSystemSynchronizedGroups = (
				6F66201E2E23ABAA00F2BA3F /* ChronoTrailTests */,
			);
			name = ChronoTrailTests;
			packageProductDependencies = (
			);
			productName = ChronoTrailTests;
			productReference = 6F66201B2E23ABAA00F2BA3F /* ChronoTrailTests.xctest */;
			productType = "com.apple.product-type.bundle.unit-test";
		};
		6F6620242E23ABAA00F2BA3F /* ChronoTrailUITests */ = {
			isa = PBXNativeTarget;
			buildConfigurationList = 6F6620352E23ABAA00F2BA3F /* Build configuration list for PBXNativeTarget "ChronoTrailUITests" */;
			buildPhases = (
				6F6620212E23ABAA00F2BA3F /* Sources */,
				6F6620222E23ABAA00F2BA3F /* Frameworks */,
				6F6620232E23ABAA00F2BA3F /* Resources */,
			);
			buildRules = (
			);
			dependencies = (
				6F6620272E23ABAA00F2BA3F /* PBXTargetDependency */,
			);
			fileSystemSynchronizedGroups = (
				6F6620282E23ABAA00F2BA3F /* ChronoTrailUITests */,
			);
			name = ChronoTrailUITests;
			packageProductDependencies = (
			);
			productName = ChronoTrailUITests;
			productReference = 6F6620252E23ABAA00F2BA3F /* ChronoTrailUITests.xctest */;
			productType = "com.apple.product-type.bundle.ui-testing";
		};
/* End PBXNativeTarget section */

/* Begin PBXProject section */
		6F6620012E23ABA900F2BA3F /* Project object */ = {
			isa = PBXProject;
			attributes = {
				BuildIndependentTargetsInParallel = 1;
				LastSwiftUpdateCheck = 1640;
				LastUpgradeCheck = 1640;
				TargetAttributes = {
					6F6620082E23ABA900F2BA3F = {
						CreatedOnToolsVersion = 16.4;
					};
					6F66201A2E23ABAA00F2BA3F = {
						CreatedOnToolsVersion = 16.4;
						TestTargetID = 6F6620082E23ABA900F2BA3F;
					};
					6F6620242E23ABAA00F2BA3F = {
						CreatedOnToolsVersion = 16.4;
						TestTargetID = 6F6620082E23ABA900F2BA3F;
					};
				};
			};
			buildConfigurationList = 6F6620042E23ABA900F2BA3F /* Build configuration list for PBXProject "ChronoTrail" */;
			developmentRegion = en;
			hasScannedForEncodings = 0;
			knownRegions = (
				en,
				Base,
			);
			mainGroup = 6F6620002E23ABA900F2BA3F;
			minimizedProjectReferenceProxies = 1;
			preferredProjectObjectVersion = 77;
			productRefGroup = 6F66200A2E23ABA900F2BA3F /* Products */;
			projectDirPath = "";
			projectRoot = "";
			targets = (
				6F6620082E23ABA900F2BA3F /* ChronoTrail */,
				6F66201A2E23ABAA00F2BA3F /* ChronoTrailTests */,
				6F6620242E23ABAA00F2BA3F /* ChronoTrailUITests */,
			);
		};
/* End PBXProject section */

/* Begin PBXResourcesBuildPhase section */
		6F6620072E23ABA900F2BA3F /* Resources */ = {
			isa = PBXResourcesBuildPhase;
			buildActionMask = 2147483647;
			files = (
			);
			runOnlyForDeploymentPostprocessing = 0;
		};
		6F6620192E23ABAA00F2BA3F /* Resources */ = {
			isa = PBXResourcesBuildPhase;
			buildActionMask = 2147483647;
			files = (
			);
			runOnlyForDeploymentPostprocessing = 0;
		};
		6F6620232E23ABAA00F2BA3F /* Resources */ = {
			isa = PBXResourcesBuildPhase;
			buildActionMask = 2147483647;
			files = (
			);
			runOnlyForDeploymentPostprocessing = 0;
		};
/* End PBXResourcesBuildPhase section */

/* Begin PBXSourcesBuildPhase section */
		6F6620052E23ABA900F2BA3F /* Sources */ = {
			isa = PBXSourcesBuildPhase;
			buildActionMask = 2147483647;
			files = (
			);
			runOnlyForDeploymentPostprocessing = 0;
		};
		6F6620172E23ABAA00F2BA3F /* Sources */ = {
			isa = PBXSourcesBuildPhase;
			buildActionMask = 2147483647;
			files = (
			);
			runOnlyForDeploymentPostprocessing = 0;
		};
		6F6620212E23ABAA00F2BA3F /* Sources */ = {
			isa = PBXSourcesBuildPhase;
			buildActionMask = 2147483647;
			files = (
			);
			runOnlyForDeploymentPostprocessing = 0;
		};
/* End PBXSourcesBuildPhase section */

/* Begin PBXTargetDependency section */
		6F66201D2E23ABAA00F2BA3F /* PBXTargetDependency */ = {
			isa = PBXTargetDependency;
			target = 6F6620082E23ABA900F2BA3F /* ChronoTrail */;
			targetProxy = 6F66201C2E23ABAA00F2BA3F /* PBXContainerItemProxy */;
		};
		6F6620272E23ABAA00F2BA3F /* PBXTargetDependency */ = {
			isa = PBXTargetDependency;
			target = 6F6620082E23ABA900F2BA3F /* ChronoTrail */;
			targetProxy = 6F6620262E23ABAA00F2BA3F /* PBXContainerItemProxy */;
		};
/* End PBXTargetDependency section */

/* Begin XCBuildConfiguration section */
		6F66202D2E23ABAA00F2BA3F /* Debug */ = {
			isa = XCBuildConfiguration;
			buildSettings = {
				ALWAYS_SEARCH_USER_PATHS = NO;
				ASSETCATALOG_COMPILER_GENERATE_SWIFT_ASSET_SYMBOL_EXTENSIONS = YES;
				CLANG_ANALYZER_NONNULL = YES;
				CLANG_ANALYZER_NUMBER_OBJECT_CONVERSION = YES_AGGRESSIVE;
				CLANG_CXX_LANGUAGE_STANDARD = "gnu++20";
				CLANG_ENABLE_MODULES = YES;
				CLANG_ENABLE_OBJC_ARC = YES;
				CLANG_ENABLE_OBJC_WEAK = YES;
				CLANG_WARN_BLOCK_CAPTURE_AUTORELEASING = YES;
				CLANG_WARN_BOOL_CONVERSION = YES;
				CLANG_WARN_COMMA = YES;
				CLANG_WARN_CONSTANT_CONVERSION = YES;
				CLANG_WARN_DEPRECATED_OBJC_IMPLEMENTATIONS = YES;
				CLANG_WARN_DIRECT_OBJC_ISA_USAGE = YES_ERROR;
				CLANG_WARN_DOCUMENTATION_COMMENTS = YES;
				CLANG_WARN_EMPTY_BODY = YES;
				CLANG_WARN_ENUM_CONVERSION = YES;
				CLANG_WARN_INFINITE_RECURSION = YES;
				CLANG_WARN_INT_CONVERSION = YES;
				CLANG_WARN_NON_LITERAL_NULL_CONVERSION = YES;
				CLANG_WARN_OBJC_IMPLICIT_RETAIN_SELF = YES;
				CLANG_WARN_OBJC_LITERAL_CONVERSION = YES;
				CLANG_WARN_OBJC_ROOT_CLASS = YES_ERROR;
				CLANG_WARN_QUOTED_INCLUDE_IN_FRAMEWORK_HEADER = YES;
				CLANG_WARN_RANGE_LOOP_ANALYSIS = YES;
				CLANG_WARN_STRICT_PROTOTYPES = YES;
				CLANG_WARN_SUSPICIOUS_MOVE = YES;
				CLANG_WARN_UNGUARDED_AVAILABILITY = YES_AGGRESSIVE;
				CLANG_WARN_UNREACHABLE_CODE = YES;
				CLANG_WARN__DUPLICATE_METHOD_MATCH = YES;
				COPY_PHASE_STRIP = NO;
				DEBUG_INFORMATION_FORMAT = dwarf;
				ENABLE_STRICT_OBJC_MSGSEND = YES;
				ENABLE_TESTABILITY = YES;
				ENABLE_USER_SCRIPT_SANDBOXING = YES;
				GCC_C_LANGUAGE_STANDARD = gnu17;
				GCC_DYNAMIC_NO_PIC = NO;
				GCC_NO_COMMON_BLOCKS = YES;
				GCC_OPTIMIZATION_LEVEL = 0;
				GCC_PREPROCESSOR_DEFINITIONS = (
					"DEBUG=1",
					"$(inherited)",
				);
				GCC_WARN_64_TO_32_BIT_CONVERSION = YES;
				GCC_WARN_ABOUT_RETURN_TYPE = YES_ERROR;
				GCC_WARN_UNDECLARED_SELECTOR = YES;
				GCC_WARN_UNINITIALIZED_AUTOS = YES_AGGRESSIVE;
				GCC_WARN_UNUSED_FUNCTION = YES;
				GCC_WARN_UNUSED_VARIABLE = YES;
				IPHONEOS_DEPLOYMENT_TARGET = 18.5;
				LOCALIZATION_PREFERS_STRING_CATALOGS = YES;
				MTL_ENABLE_DEBUG_INFO = INCLUDE_SOURCE;
				MTL_FAST_MATH = YES;
				ONLY_ACTIVE_ARCH = YES;
				SDKROOT = iphoneos;
				SWIFT_ACTIVE_COMPILATION_CONDITIONS = "DEBUG $(inherited)";
				SWIFT_OPTIMIZATION_LEVEL = "-Onone";
			};
			name = Debug;
		};
		6F66202E2E23ABAA00F2BA3F /* Release */ = {
			isa = XCBuildConfiguration;
			buildSettings = {
				ALWAYS_SEARCH_USER_PATHS = NO;
				ASSETCATALOG_COMPILER_GENERATE_SWIFT_ASSET_SYMBOL_EXTENSIONS = YES;
				CLANG_ANALYZER_NONNULL = YES;
				CLANG_ANALYZER_NUMBER_OBJECT_CONVERSION = YES_AGGRESSIVE;
				CLANG_CXX_LANGUAGE_STANDARD = "gnu++20";
				CLANG_ENABLE_MODULES = YES;
				CLANG_ENABLE_OBJC_ARC = YES;
				CLANG_ENABLE_OBJC_WEAK = YES;
				CLANG_WARN_BLOCK_CAPTURE_AUTORELEASING = YES;
				CLANG_WARN_BOOL_CONVERSION = YES;
				CLANG_WARN_COMMA = YES;
				CLANG_WARN_CONSTANT_CONVERSION = YES;
				CLANG_WARN_DEPRECATED_OBJC_IMPLEMENTATIONS = YES;
				CLANG_WARN_DIRECT_OBJC_ISA_USAGE = YES_ERROR;
				CLANG_WARN_DOCUMENTATION_COMMENTS = YES;
				CLANG_WARN_EMPTY_BODY = YES;
				CLANG_WARN_ENUM_CONVERSION = YES;
				CLANG_WARN_INFINITE_RECURSION = YES;
				CLANG_WARN_INT_CONVERSION = YES;
				CLANG_WARN_NON_LITERAL_NULL_CONVERSION = YES;
				CLANG_WARN_OBJC_IMPLICIT_RETAIN_SELF = YES;
				CLANG_WARN_OBJC_LITERAL_CONVERSION = YES;
				CLANG_WARN_OBJC_ROOT_CLASS = YES_ERROR;
				CLANG_WARN_QUOTED_INCLUDE_IN_FRAMEWORK_HEADER = YES;
				CLANG_WARN_RANGE_LOOP_ANALYSIS = YES;
				CLANG_WARN_STRICT_PROTOTYPES = YES;
				CLANG_WARN_SUSPICIOUS_MOVE = YES;
				CLANG_WARN_UNGUARDED_AVAILABILITY = YES_AGGRESSIVE;
				CLANG_WARN_UNREACHABLE_CODE = YES;
				CLANG_WARN__DUPLICATE_METHOD_MATCH = YES;
				COPY_PHASE_STRIP = NO;
				DEBUG_INFORMATION_FORMAT = "dwarf-with-dsym";
				ENABLE_NS_ASSERTIONS = NO;
				ENABLE_STRICT_OBJC_MSGSEND = YES;
				ENABLE_USER_SCRIPT_SANDBOXING = YES;
				GCC_C_LANGUAGE_STANDARD = gnu17;
				GCC_NO_COMMON_BLOCKS = YES;
				GCC_WARN_64_TO_32_BIT_CONVERSION = YES;
				GCC_WARN_ABOUT_RETURN_TYPE = YES_ERROR;
				GCC_WARN_UNDECLARED_SELECTOR = YES;
				GCC_WARN_UNINITIALIZED_AUTOS = YES_AGGRESSIVE;
				GCC_WARN_UNUSED_FUNCTION = YES;
				GCC_WARN_UNUSED_VARIABLE = YES;
				IPHONEOS_DEPLOYMENT_TARGET = 18.5;
				LOCALIZATION_PREFERS_STRING_CATALOGS = YES;
				MTL_ENABLE_DEBUG_INFO = NO;
				MTL_FAST_MATH = YES;
				SDKROOT = iphoneos;
				SWIFT_COMPILATION_MODE = wholemodule;
				VALIDATE_PRODUCT = YES;
			};
			name = Release;
		};
		6F6620302E23ABAA00F2BA3F /* Debug */ = {
			isa = XCBuildConfiguration;
			buildSettings = {
				ASSETCATALOG_COMPILER_APPICON_NAME = AppIcon;
				ASSETCATALOG_COMPILER_GLOBAL_ACCENT_COLOR_NAME = AccentColor;
				CODE_SIGN_STYLE = Automatic;
				CURRENT_PROJECT_VERSION = 1;
				DEVELOPMENT_TEAM = 4B74AAMZYA;
				ENABLE_PREVIEWS = YES;
				GENERATE_INFOPLIST_FILE = YES;
				INFOPLIST_KEY_UIApplicationSceneManifest_Generation = YES;
				INFOPLIST_KEY_UIApplicationSupportsIndirectInputEvents = YES;
				INFOPLIST_KEY_UILaunchScreen_Generation = YES;
				INFOPLIST_KEY_UISupportedInterfaceOrientations_iPad = "UIInterfaceOrientationPortrait UIInterfaceOrientationPortraitUpsideDown UIInterfaceOrientationLandscapeLeft UIInterfaceOrientationLandscapeRight";
				INFOPLIST_KEY_UISupportedInterfaceOrientations_iPhone = "UIInterfaceOrientationPortrait UIInterfaceOrientationLandscapeLeft UIInterfaceOrientationLandscapeRight";
				LD_RUNPATH_SEARCH_PATHS = (
					"$(inherited)",
					"@executable_path/Frameworks",
				);
				MARKETING_VERSION = 1.0;
				PRODUCT_BUNDLE_IDENTIFIER = com.chronotrailai.ChronoTrail;
				PRODUCT_NAME = "$(TARGET_NAME)";
				SWIFT_EMIT_LOC_STRINGS = YES;
				SWIFT_VERSION = 5.0;
				TARGETED_DEVICE_FAMILY = "1,2";
			};
			name = Debug;
		};
		6F6620312E23ABAA00F2BA3F /* Release */ = {
			isa = XCBuildConfiguration;
			buildSettings = {
				ASSETCATALOG_COMPILER_APPICON_NAME = AppIcon;
				ASSETCATALOG_COMPILER_GLOBAL_ACCENT_COLOR_NAME = AccentColor;
				CODE_SIGN_STYLE = Automatic;
				CURRENT_PROJECT_VERSION = 1;
				DEVELOPMENT_TEAM = 4B74AAMZYA;
				ENABLE_PREVIEWS = YES;
				GENERATE_INFOPLIST_FILE = YES;
				INFOPLIST_KEY_UIApplicationSceneManifest_Generation = YES;
				INFOPLIST_KEY_UIApplicationSupportsIndirectInputEvents = YES;
				INFOPLIST_KEY_UILaunchScreen_Generation = YES;
				INFOPLIST_KEY_UISupportedInterfaceOrientations_iPad = "UIInterfaceOrientationPortrait UIInterfaceOrientationPortraitUpsideDown UIInterfaceOrientationLandscapeLeft UIInterfaceOrientationLandscapeRight";
				INFOPLIST_KEY_UISupportedInterfaceOrientations_iPhone = "UIInterfaceOrientationPortrait UIInterfaceOrientationLandscapeLeft UIInterfaceOrientationLandscapeRight";
				LD_RUNPATH_SEARCH_PATHS = (
					"$(inherited)",
					"@executable_path/Frameworks",
				);
				MARKETING_VERSION = 1.0;
				PRODUCT_BUNDLE_IDENTIFIER = com.chronotrailai.ChronoTrail;
				PRODUCT_NAME = "$(TARGET_NAME)";
				SWIFT_EMIT_LOC_STRINGS = YES;
				SWIFT_VERSION = 5.0;
				TARGETED_DEVICE_FAMILY = "1,2";
			};
			name = Release;
		};
		6F6620332E23ABAA00F2BA3F /* Debug */ = {
			isa = XCBuildConfiguration;
			buildSettings = {
				BUNDLE_LOADER = "$(TEST_HOST)";
				CODE_SIGN_STYLE = Automatic;
				CURRENT_PROJECT_VERSION = 1;
				GENERATE_INFOPLIST_FILE = YES;
				IPHONEOS_DEPLOYMENT_TARGET = 18.5;
				MARKETING_VERSION = 1.0;
				PRODUCT_BUNDLE_IDENTIFIER = com.chronotrailai.ChronoTrailTests;
				PRODUCT_NAME = "$(TARGET_NAME)";
				SWIFT_EMIT_LOC_STRINGS = NO;
				SWIFT_VERSION = 5.0;
				TARGETED_DEVICE_FAMILY = "1,2";
				TEST_HOST = "$(BUILT_PRODUCTS_DIR)/ChronoTrail.app/$(BUNDLE_EXECUTABLE_FOLDER_PATH)/ChronoTrail";
			};
			name = Debug;
		};
		6F6620342E23ABAA00F2BA3F /* Release */ = {
			isa = XCBuildConfiguration;
			buildSettings = {
				BUNDLE_LOADER = "$(TEST_HOST)";
				CODE_SIGN_STYLE = Automatic;
				CURRENT_PROJECT_VERSION = 1;
				GENERATE_INFOPLIST_FILE = YES;
				IPHONEOS_DEPLOYMENT_TARGET = 18.5;
				MARKETING_VERSION = 1.0;
				PRODUCT_BUNDLE_IDENTIFIER = com.chronotrailai.ChronoTrailTests;
				PRODUCT_NAME = "$(TARGET_NAME)";
				SWIFT_EMIT_LOC_STRINGS = NO;
				SWIFT_VERSION = 5.0;
				TARGETED_DEVICE_FAMILY = "1,2";
				TEST_HOST = "$(BUILT_PRODUCTS_DIR)/ChronoTrail.app/$(BUNDLE_EXECUTABLE_FOLDER_PATH)/ChronoTrail";
			};
			name = Release;
		};
		6F6620362E23ABAA00F2BA3F /* Debug */ = {
			isa = XCBuildConfiguration;
			buildSettings = {
				CODE_SIGN_STYLE = Automatic;
				CURRENT_PROJECT_VERSION = 1;
				GENERATE_INFOPLIST_FILE = YES;
				MARKETING_VERSION = 1.0;
				PRODUCT_BUNDLE_IDENTIFIER = com.chronotrailai.ChronoTrailUITests;
				PRODUCT_NAME = "$(TARGET_NAME)";
				SWIFT_EMIT_LOC_STRINGS = NO;
				SWIFT_VERSION = 5.0;
				TARGETED_DEVICE_FAMILY = "1,2";
				TEST_TARGET_NAME = ChronoTrail;
			};
			name = Debug;
		};
		6F6620372E23ABAA00F2BA3F /* Release */ = {
			isa = XCBuildConfiguration;
			buildSettings = {
				CODE_SIGN_STYLE = Automatic;
				CURRENT_PROJECT_VERSION = 1;
				GENERATE_INFOPLIST_FILE = YES;
				MARKETING_VERSION = 1.0;
				PRODUCT_BUNDLE_IDENTIFIER = com.chronotrailai.ChronoTrailUITests;
				PRODUCT_NAME = "$(TARGET_NAME)";
				SWIFT_EMIT_LOC_STRINGS = NO;
				SWIFT_VERSION = 5.0;
				TARGETED_DEVICE_FAMILY = "1,2";
				TEST_TARGET_NAME = ChronoTrail;
			};
			name = Release;
		};
/* End XCBuildConfiguration section */

/* Begin XCConfigurationList section */
		6F6620042E23ABA900F2BA3F /* Build configuration list for PBXProject "ChronoTrail" */ = {
			isa = XCConfigurationList;
			buildConfigurations = (
				6F66202D2E23ABAA00F2BA3F /* Debug */,
				6F66202E2E23ABAA00F2BA3F /* Release */,
			);
			defaultConfigurationIsVisible = 0;
			defaultConfigurationName = Release;
		};
		6F66202F2E23ABAA00F2BA3F /* Build configuration list for PBXNativeTarget "ChronoTrail" */ = {
			isa = XCConfigurationList;
			buildConfigurations = (
				6F6620302E23ABAA00F2BA3F /* Debug */,
				6F6620312E23ABAA00F2BA3F /* Release */,
			);
			defaultConfigurationIsVisible = 0;
			defaultConfigurationName = Release;
		};
		6F6620322E23ABAA00F2BA3F /* Build configuration list for PBXNativeTarget "ChronoTrailTests" */ = {
			isa = XCConfigurationList;
			buildConfigurations = (
				6F6620332E23ABAA00F2BA3F /* Debug */,
				6F6620342E23ABAA00F2BA3F /* Release */,
			);
			defaultConfigurationIsVisible = 0;
			defaultConfigurationName = Release;
		};
		6F6620352E23ABAA00F2BA3F /* Build configuration list for PBXNativeTarget "ChronoTrailUITests" */ = {
			isa = XCConfigurationList;
			buildConfigurations = (
				6F6620362E23ABAA00F2BA3F /* Debug */,
				6F6620372E23ABAA00F2BA3F /* Release */,
			);
			defaultConfigurationIsVisible = 0;
			defaultConfigurationName = Release;
		};
/* End XCConfigurationList section */
	};
	rootObject = 6F6620012E23ABA900F2BA3F /* Project object */;
}
